// !$*UTF8*$!
{
	archiveVersion = 1;
	classes = {
	};
	objectVersion = 56;
	objects = {

/* Begin PBXBuildFile section */
		E754617E29813CD40088CE22 /* A.wav in Resources */ = {isa = PBXBuildFile; fileRef = E754617729813CD40088CE22 /* A.wav */; };
		E754617F29813CD40088CE22 /* C.wav in Resources */ = {isa = PBXBuildFile; fileRef = E754617829813CD40088CE22 /* C.wav */; };
		E754618029813CD40088CE22 /* B.wav in Resources */ = {isa = PBXBuildFile; fileRef = E754617929813CD40088CE22 /* B.wav */; };
		E754618129813CD40088CE22 /* F.wav in Resources */ = {isa = PBXBuildFile; fileRef = E754617A29813CD40088CE22 /* F.wav */; };
		E754618229813CD40088CE22 /* G.wav in Resources */ = {isa = PBXBuildFile; fileRef = E754617B29813CD40088CE22 /* G.wav */; };
		E754618329813CD40088CE22 /* E.wav in Resources */ = {isa = PBXBuildFile; fileRef = E754617C29813CD40088CE22 /* E.wav */; };
		E754618429813CD40088CE22 /* D.wav in Resources */ = {isa = PBXBuildFile; fileRef = E754617D29813CD40088CE22 /* D.wav */; };
		E7791825297D4D4C009CC230 /* AppDelegate.swift in Sources */ = {isa = PBXBuildFile; fileRef = E7791824297D4D4C009CC230 /* AppDelegate.swift */; };
		E7791827297D4D4C009CC230 /* SceneDelegate.swift in Sources */ = {isa = PBXBuildFile; fileRef = E7791826297D4D4C009CC230 /* SceneDelegate.swift */; };
		E7791829297D4D4C009CC230 /* ViewController.swift in Sources */ = {isa = PBXBuildFile; fileRef = E7791828297D4D4C009CC230 /* ViewController.swift */; };
		E779182C297D4D4C009CC230 /* Main.storyboard in Resources */ = {isa = PBXBuildFile; fileRef = E779182A297D4D4C009CC230 /* Main.storyboard */; };
		E779182E297D4D4D009CC230 /* Assets.xcassets in Resources */ = {isa = PBXBuildFile; fileRef = E779182D297D4D4D009CC230 /* Assets.xcassets */; };
		E7791831297D4D4D009CC230 /* LaunchScreen.storyboard in Resources */ = {isa = PBXBuildFile; fileRef = E779182F297D4D4D009CC230 /* LaunchScreen.storyboard */; };
/* End PBXBuildFile section */

/* Begin PBXFileReference section */
		E754617729813CD40088CE22 /* A.wav */ = {isa = PBXFileReference; lastKnownFileType = audio.wav; path = A.wav; sourceTree = "<group>"; };
		E754617829813CD40088CE22 /* C.wav */ = {isa = PBXFileReference; lastKnownFileType = audio.wav; path = C.wav; sourceTree = "<group>"; };
		E754617929813CD40088CE22 /* B.wav */ = {isa = PBXFileReference; lastKnownFileType = audio.wav; path = B.wav; sourceTree = "<group>"; };
		E754617A29813CD40088CE22 /* F.wav */ = {isa = PBXFileReference; lastKnownFileType = audio.wav; path = F.wav; sourceTree = "<group>"; };
		E754617B29813CD40088CE22 /* G.wav */ = {isa = PBXFileReference; lastKnownFileType = audio.wav; path = G.wav; sourceTree = "<group>"; };
		E754617C29813CD40088CE22 /* E.wav */ = {isa = PBXFileReference; lastKnownFileType = audio.wav; path = E.wav; sourceTree = "<group>"; };
		E754617D29813CD40088CE22 /* D.wav */ = {isa = PBXFileReference; lastKnownFileType = audio.wav; path = D.wav; sourceTree = "<group>"; };
		E7791821297D4D4C009CC230 /* Xylophone.app */ = {isa = PBXFileReference; explicitFileType = wrapper.application; includeInIndex = 0; path = Xylophone.app; sourceTree = BUILT_PRODUCTS_DIR; };
		E7791824297D4D4C009CC230 /* AppDelegate.swift */ = {isa = PBXFileReference; lastKnownFileType = sourcecode.swift; path = AppDelegate.swift; sourceTree = "<group>"; };
		E7791826297D4D4C009CC230 /* SceneDelegate.swift */ = {isa = PBXFileReference; lastKnownFileType = sourcecode.swift; path = SceneDelegate.swift; sourceTree = "<group>"; };
		E7791828297D4D4C009CC230 /* ViewController.swift */ = {isa = PBXFileReference; lastKnownFileType = sourcecode.swift; path = ViewController.swift; sourceTree = "<group>"; };
		E779182B297D4D4C009CC230 /* Base */ = {isa = PBXFileReference; lastKnownFileType = file.storyboard; name = Base; path = Base.lproj/Main.storyboard; sourceTree = "<group>"; };
		E779182D297D4D4D009CC230 /* Assets.xcassets */ = {isa = PBXFileReference; lastKnownFileType = folder.assetcatalog; path = Assets.xcassets; sourceTree = "<group>"; };
		E7791830297D4D4D009CC230 /* Base */ = {isa = PBXFileReference; lastKnownFileType = file.storyboard; name = Base; path = Base.lproj/LaunchScreen.storyboard; sourceTree = "<group>"; };
		E7791832297D4D4D009CC230 /* Info.plist */ = {isa = PBXFileReference; lastKnownFileType = text.plist.xml; path = Info.plist; sourceTree = "<group>"; };
/* End PBXFileReference section */

/* Begin PBXFrameworksBuildPhase section */
		E779181E297D4D4C009CC230 /* Frameworks */ = {
			isa = PBXFrameworksBuildPhase;
			buildActionMask = 2147483647;
			files = (
			);
			runOnlyForDeploymentPostprocessing = 0;
		};
/* End PBXFrameworksBuildPhase section */

/* Begin PBXGroup section */
		E754617629813CD40088CE22 /* Sounds */ = {
			isa = PBXGroup;
			children = (
				E754617729813CD40088CE22 /* A.wav */,
				E754617829813CD40088CE22 /* C.wav */,
				E754617929813CD40088CE22 /* B.wav */,
				E754617A29813CD40088CE22 /* F.wav */,
				E754617B29813CD40088CE22 /* G.wav */,
				E754617C29813CD40088CE22 /* E.wav */,
				E754617D29813CD40088CE22 /* D.wav */,
			);
			path = Sounds;
			sourceTree = "<group>";
		};
		E7791818297D4D4C009CC230 = {
			isa = PBXGroup;
			children = (
				E7791823297D4D4C009CC230 /* Xylophone */,
				E7791822297D4D4C009CC230 /* Products */,
			);
			sourceTree = "<group>";
		};
		E7791822297D4D4C009CC230 /* Products */ = {
			isa = PBXGroup;
			children = (
				E7791821297D4D4C009CC230 /* Xylophone.app */,
			);
			name = Products;
			sourceTree = "<group>";
		};
		E7791823297D4D4C009CC230 /* Xylophone */ = {
			isa = PBXGroup;
			children = (
				E7791824297D4D4C009CC230 /* AppDelegate.swift */,
				E7791826297D4D4C009CC230 /* SceneDelegate.swift */,
				E7791828297D4D4C009CC230 /* ViewController.swift */,
				E779182A297D4D4C009CC230 /* Main.storyboard */,
				E779182D297D4D4D009CC230 /* Assets.xcassets */,
				E779182F297D4D4D009CC230 /* LaunchScreen.storyboard */,
				E7791832297D4D4D009CC230 /* Info.plist */,
				E754617629813CD40088CE22 /* Sounds */,
			);
			path = Xylophone;
			sourceTree = "<group>";
		};
/* End PBXGroup section */

/* Begin PBXNativeTarget section */
		E7791820297D4D4C009CC230 /* Xylophone */ = {
			isa = PBXNativeTarget;
			buildConfigurationList = E7791835297D4D4D009CC230 /* Build configuration list for PBXNativeTarget "Xylophone" */;
			buildPhases = (
				E779181D297D4D4C009CC230 /* Sources */,
				E779181E297D4D4C009CC230 /* Frameworks */,
				E779181F297D4D4C009CC230 /* Resources */,
			);
			buildRules = (
			);
			dependencies = (
			);
			name = Xylophone;
			productName = Xylophone;
			productReference = E7791821297D4D4C009CC230 /* Xylophone.app */;
			productType = "com.apple.product-type.application";
		};
/* End PBXNativeTarget section */

/* Begin PBXProject section */
		E7791819297D4D4C009CC230 /* Project object */ = {
			isa = PBXProject;
			attributes = {
				BuildIndependentTargetsInParallel = 1;
				LastSwiftUpdateCheck = 1420;
				LastUpgradeCheck = 1420;
				TargetAttributes = {
					E7791820297D4D4C009CC230 = {
						CreatedOnToolsVersion = 14.2;
					};
				};
			};
			buildConfigurationList = E779181C297D4D4C009CC230 /* Build configuration list for PBXProject "Xylophone" */;
			compatibilityVersion = "Xcode 14.0";
			developmentRegion = en;
			hasScannedForEncodings = 0;
			knownRegions = (
				en,
				Base,
			);
			mainGroup = E7791818297D4D4C009CC230;
			productRefGroup = E7791822297D4D4C009CC230 /* Products */;
			projectDirPath = "";
			projectRoot = "";
			targets = (
				E7791820297D4D4C009CC230 /* Xylophone */,
			);
		};
/* End PBXProject section */

/* Begin PBXResourcesBuildPhase section */
		E779181F297D4D4C009CC230 /* Resources */ = {
			isa = PBXResourcesBuildPhase;
			buildActionMask = 2147483647;
			files = (
				E754618229813CD40088CE22 /* G.wav in Resources */,
				E7791831297D4D4D009CC230 /* LaunchScreen.storyboard in Resources */,
				E754618129813CD40088CE22 /* F.wav in Resources */,
				E779182E297D4D4D009CC230 /* Assets.xcassets in Resources */,
				E754617E29813CD40088CE22 /* A.wav in Resources */,
				E754618029813CD40088CE22 /* B.wav in Resources */,
				E754618329813CD40088CE22 /* E.wav in Resources */,
				E754618429813CD40088CE22 /* D.wav in Resources */,
				E779182C297D4D4C009CC230 /* Main.storyboard in Resources */,
				E754617F29813CD40088CE22 /* C.wav in Resources */,
			);
			runOnlyForDeploymentPostprocessing = 0;
		};
/* End PBXResourcesBuildPhase section */

/* Begin PBXSourcesBuildPhase section */
		E779181D297D4D4C009CC230 /* Sources */ = {
			isa = PBXSourcesBuildPhase;
			buildActionMask = 2147483647;
			files = (
				E7791829297D4D4C009CC230 /* ViewController.swift in Sources */,
				E7791825297D4D4C009CC230 /* AppDelegate.swift in Sources */,
				E7791827297D4D4C009CC230 /* SceneDelegate.swift in Sources */,
			);
			runOnlyForDeploymentPostprocessing = 0;
		};
/* End PBXSourcesBuildPhase section */

/* Begin PBXVariantGroup section */
		E779182A297D4D4C009CC230 /* Main.storyboard */ = {
			isa = PBXVariantGroup;
			children = (
				E779182B297D4D4C009CC230 /* Base */,
			);
			name = Main.storyboard;
			sourceTree = "<group>";
		};
		E779182F297D4D4D009CC230 /* LaunchScreen.storyboard */ = {
			isa = PBXVariantGroup;
			children = (
				E7791830297D4D4D009CC230 /* Base */,
			);
			name = LaunchScreen.storyboard;
			sourceTree = "<group>";
		};
/* End PBXVariantGroup section */

/* Begin XCBuildConfiguration section */
		E7791833297D4D4D009CC230 /* Debug */ = {
			isa = XCBuildConfiguration;
			buildSettings = {
				ALWAYS_SEARCH_USER_PATHS = NO;
				CLANG_ANALYZER_NONNULL = YES;
				CLANG_ANALYZER_NUMBER_OBJECT_CONVERSION = YES_AGGRESSIVE;
				CLANG_CXX_LANGUAGE_STANDARD = "gnu++20";
				CLANG_ENABLE_MODULES = YES;
				CLANG_ENABLE_OBJC_ARC = YES;
				CLANG_ENABLE_OBJC_WEAK = YES;
				CLANG_WARN_BLOCK_CAPTURE_AUTORELEASING = YES;
				CLANG_WARN_BOOL_CONVERSION = YES;
				CLANG_WARN_COMMA = YES;
				CLANG_WARN_CONSTANT_CONVERSION = YES;
				CLANG_WARN_DEPRECATED_OBJC_IMPLEMENTATIONS = YES;
				CLANG_WARN_DIRECT_OBJC_ISA_USAGE = YES_ERROR;
				CLANG_WARN_DOCUMENTATION_COMMENTS = YES;
				CLANG_WARN_EMPTY_BODY = YES;
				CLANG_WARN_ENUM_CONVERSION = YES;
				CLANG_WARN_INFINITE_RECURSION = YES;
				CLANG_WARN_INT_CONVERSION = YES;
				CLANG_WARN_NON_LITERAL_NULL_CONVERSION = YES;
				CLANG_WARN_OBJC_IMPLICIT_RETAIN_SELF = YES;
				CLANG_WARN_OBJC_LITERAL_CONVERSION = YES;
				CLANG_WARN_OBJC_ROOT_CLASS = YES_ERROR;
				CLANG_WARN_QUOTED_INCLUDE_IN_FRAMEWORK_HEADER = YES;
				CLANG_WARN_RANGE_LOOP_ANALYSIS = YES;
				CLANG_WARN_STRICT_PROTOTYPES = YES;
				CLANG_WARN_SUSPICIOUS_MOVE = YES;
				CLANG_WARN_UNGUARDED_AVAILABILITY = YES_AGGRESSIVE;
				CLANG_WARN_UNREACHABLE_CODE = YES;
				CLANG_WARN__DUPLICATE_METHOD_MATCH = YES;
				COPY_PHASE_STRIP = NO;
				DEBUG_INFORMATION_FORMAT = dwarf;
				ENABLE_STRICT_OBJC_MSGSEND = YES;
				ENABLE_TESTABILITY = YES;
				GCC_C_LANGUAGE_STANDARD = gnu11;
				GCC_DYNAMIC_NO_PIC = NO;
				GCC_NO_COMMON_BLOCKS = YES;
				GCC_OPTIMIZATION_LEVEL = 0;
				GCC_PREPROCESSOR_DEFINITIONS = (
					"DEBUG=1",
					"$(inherited)",
				);
				GCC_WARN_64_TO_32_BIT_CONVERSION = YES;
				GCC_WARN_ABOUT_RETURN_TYPE = YES_ERROR;
				GCC_WARN_UNDECLARED_SELECTOR = YES;
				GCC_WARN_UNINITIALIZED_AUTOS = YES_AGGRESSIVE;
				GCC_WARN_UNUSED_FUNCTION = YES;
				GCC_WARN_UNUSED_VARIABLE = YES;
				IPHONEOS_DEPLOYMENT_TARGET = 16.2;
				MTL_ENABLE_DEBUG_INFO = INCLUDE_SOURCE;
				MTL_FAST_MATH = YES;
				ONLY_ACTIVE_ARCH = YES;
				SDKROOT = iphoneos;
				SWIFT_ACTIVE_COMPILATION_CONDITIONS = DEBUG;
				SWIFT_OPTIMIZATION_LEVEL = "-Onone";
			};
			name = Debug;
		};
		E7791834297D4D4D009CC230 /* Release */ = {
			isa = XCBuildConfiguration;
			buildSettings = {
				ALWAYS_SEARCH_USER_PATHS = NO;
				CLANG_ANALYZER_NONNULL = YES;
				CLANG_ANALYZER_NUMBER_OBJECT_CONVERSION = YES_AGGRESSIVE;
				CLANG_CXX_LANGUAGE_STANDARD = "gnu++20";
				CLANG_ENABLE_MODULES = YES;
				CLANG_ENABLE_OBJC_ARC = YES;
				CLANG_ENABLE_OBJC_WEAK = YES;
				CLANG_WARN_BLOCK_CAPTURE_AUTORELEASING = YES;
				CLANG_WARN_BOOL_CONVERSION = YES;
				CLANG_WARN_COMMA = YES;
				CLANG_WARN_CONSTANT_CONVERSION = YES;
				CLANG_WARN_DEPRECATED_OBJC_IMPLEMENTATIONS = YES;
				CLANG_WARN_DIRECT_OBJC_ISA_USAGE = YES_ERROR;
				CLANG_WARN_DOCUMENTATION_COMMENTS = YES;
				CLANG_WARN_EMPTY_BODY = YES;
				CLANG_WARN_ENUM_CONVERSION = YES;
				CLANG_WARN_INFINITE_RECURSION = YES;
				CLANG_WARN_INT_CONVERSION = YES;
				CLANG_WARN_NON_LITERAL_NULL_CONVERSION = YES;
				CLANG_WARN_OBJC_IMPLICIT_RETAIN_SELF = YES;
				CLANG_WARN_OBJC_LITERAL_CONVERSION = YES;
				CLANG_WARN_OBJC_ROOT_CLASS = YES_ERROR;
				CLANG_WARN_QUOTED_INCLUDE_IN_FRAMEWORK_HEADER = YES;
				CLANG_WARN_RANGE_LOOP_ANALYSIS = YES;
				CLANG_WARN_STRICT_PROTOTYPES = YES;
				CLANG_WARN_SUSPICIOUS_MOVE = YES;
				CLANG_WARN_UNGUARDED_AVAILABILITY = YES_AGGRESSIVE;
				CLANG_WARN_UNREACHABLE_CODE = YES;
				CLANG_WARN__DUPLICATE_METHOD_MATCH = YES;
				COPY_PHASE_STRIP = NO;
				DEBUG_INFORMATION_FORMAT = "dwarf-with-dsym";
				ENABLE_NS_ASSERTIONS = NO;
				ENABLE_STRICT_OBJC_MSGSEND = YES;
				GCC_C_LANGUAGE_STANDARD = gnu11;
				GCC_NO_COMMON_BLOCKS = YES;
				GCC_WARN_64_TO_32_BIT_CONVERSION = YES;
				GCC_WARN_ABOUT_RETURN_TYPE = YES_ERROR;
				GCC_WARN_UNDECLARED_SELECTOR = YES;
				GCC_WARN_UNINITIALIZED_AUTOS = YES_AGGRESSIVE;
				GCC_WARN_UNUSED_FUNCTION = YES;
				GCC_WARN_UNUSED_VARIABLE = YES;
				IPHONEOS_DEPLOYMENT_TARGET = 16.2;
				MTL_ENABLE_DEBUG_INFO = NO;
				MTL_FAST_MATH = YES;
				SDKROOT = iphoneos;
				SWIFT_COMPILATION_MODE = wholemodule;
				SWIFT_OPTIMIZATION_LEVEL = "-O";
				VALIDATE_PRODUCT = YES;
			};
			name = Release;
		};
		E7791836297D4D4D009CC230 /* Debug */ = {
			isa = XCBuildConfiguration;
			buildSettings = {
				ASSETCATALOG_COMPILER_APPICON_NAME = AppIcon;
				ASSETCATALOG_COMPILER_GLOBAL_ACCENT_COLOR_NAME = AccentColor;
				CODE_SIGN_STYLE = Automatic;
				CURRENT_PROJECT_VERSION = 1;
				DEVELOPMENT_TEAM = 7LRMH9N592;
				GENERATE_INFOPLIST_FILE = YES;
				INFOPLIST_FILE = Xylophone/Info.plist;
				INFOPLIST_KEY_UIApplicationSupportsIndirectInputEvents = YES;
				INFOPLIST_KEY_UILaunchStoryboardName = LaunchScreen;
				INFOPLIST_KEY_UIMainStoryboardFile = Main;
				INFOPLIST_KEY_UISupportedInterfaceOrientations_iPad = "UIInterfaceOrientationPortrait UIInterfaceOrientationPortraitUpsideDown UIInterfaceOrientationLandscapeLeft UIInterfaceOrientationLandscapeRight";
				INFOPLIST_KEY_UISupportedInterfaceOrientations_iPhone = "UIInterfaceOrientationPortrait UIInterfaceOrientationLandscapeLeft UIInterfaceOrientationLandscapeRight";
				IPHONEOS_DEPLOYMENT_TARGET = 13.0;
				LD_RUNPATH_SEARCH_PATHS = (
					"$(inherited)",
					"@executable_path/Frameworks",
				);
				MARKETING_VERSION = 1.0;
				PRODUCT_BUNDLE_IDENTIFIER = com.janibek.Xylophone;
				PRODUCT_NAME = "$(TARGET_NAME)";
				SUPPORTED_PLATFORMS = "iphoneos iphonesimulator";
				SUPPORTS_MACCATALYST = NO;
				SUPPORTS_MAC_DESIGNED_FOR_IPHONE_IPAD = NO;
				SWIFT_EMIT_LOC_STRINGS = YES;
				SWIFT_VERSION = 5.0;
				TARGETED_DEVICE_FAMILY = 1;
			};
			name = Debug;
		};
		E7791837297D4D4D009CC230 /* Release */ = {
			isa = XCBuildConfiguration;
			buildSettings = {
				ASSETCATALOG_COMPILER_APPICON_NAME = AppIcon;
				ASSETCATALOG_COMPILER_GLOBAL_ACCENT_COLOR_NAME = AccentColor;
				CODE_SIGN_STYLE = Automatic;
				CURRENT_PROJECT_VERSION = 1;
				DEVELOPMENT_TEAM = 7LRMH9N592;
				GENERATE_INFOPLIST_FILE = YES;
				INFOPLIST_FILE = Xylophone/Info.plist;
				INFOPLIST_KEY_UIApplicationSupportsIndirectInputEvents = YES;
				INFOPLIST_KEY_UILaunchStoryboardName = LaunchScreen;
				INFOPLIST_KEY_UIMainStoryboardFile = Main;
				INFOPLIST_KEY_UISupportedInterfaceOrientations_iPad = "UIInterfaceOrientationPortrait UIInterfaceOrientationPortraitUpsideDown UIInterfaceOrientationLandscapeLeft UIInterfaceOrientationLandscapeRight";
				INFOPLIST_KEY_UISupportedInterfaceOrientations_iPhone = "UIInterfaceOrientationPortrait UIInterfaceOrientationLandscapeLeft UIInterfaceOrientationLandscapeRight";
				IPHONEOS_DEPLOYMENT_TARGET = 13.0;
				LD_RUNPATH_SEARCH_PATHS = (
					"$(inherited)",
					"@executable_path/Frameworks",
				);
				MARKETING_VERSION = 1.0;
				PRODUCT_BUNDLE_IDENTIFIER = com.janibek.Xylophone;
				PRODUCT_NAME = "$(TARGET_NAME)";
				SUPPORTED_PLATFORMS = "iphoneos iphonesimulator";
				SUPPORTS_MACCATALYST = NO;
				SUPPORTS_MAC_DESIGNED_FOR_IPHONE_IPAD = NO;
				SWIFT_EMIT_LOC_STRINGS = YES;
				SWIFT_VERSION = 5.0;
				TARGETED_DEVICE_FAMILY = 1;
			};
			name = Release;
		};
/* End XCBuildConfiguration section */

/* Begin XCConfigurationList section */
		E779181C297D4D4C009CC230 /* Build configuration list for PBXProject "Xylophone" */ = {
			isa = XCConfigurationList;
			buildConfigurations = (
				E7791833297D4D4D009CC230 /* Debug */,
				E7791834297D4D4D009CC230 /* Release */,
			);
			defaultConfigurationIsVisible = 0;
			defaultConfigurationName = Release;
		};
		E7791835297D4D4D009CC230 /* Build configuration list for PBXNativeTarget "Xylophone" */ = {
			isa = XCConfigurationList;
			buildConfigurations = (
				E7791836297D4D4D009CC230 /* Debug */,
				E7791837297D4D4D009CC230 /* Release */,
			);
			defaultConfigurationIsVisible = 0;
			defaultConfigurationName = Release;
		};
/* End XCConfigurationList section */
	};
	rootObject = E7791819297D4D4C009CC230 /* Project object */;
}
